
Microsoft Visual Studio Solution File, Format Version 12.00
# Visual Studio 15
VisualStudioVersion = 15.0.28307.779
MinimumVisualStudioVersion = 10.0.40219.1
Project("{E24C65DC-7377-472B-9ABA-BC803B73C61A}") = "lab", ".", "{8C174107-FF3C-47AE-99D7-6B33D1177B61}"
	ProjectSection(WebsiteProperties) = preProject
		TargetFrameworkMoniker = ".NETFramework,Version%3Dv4.5"
		Debug.AspNetCompiler.VirtualPath = "/localhost_16576"
		Debug.AspNetCompiler.PhysicalPath = "G:\Dropbox\Ort\Web\p4\lab\"
		Debug.AspNetCompiler.TargetPath = "PrecompiledWeb\localhost_16576\"
		Debug.AspNetCompiler.Updateable = "true"
		Debug.AspNetCompiler.ForceOverwrite = "true"
		Debug.AspNetCompiler.FixedNames = "false"
		Debug.AspNetCompiler.Debug = "True"
		Release.AspNetCompiler.VirtualPath = "/localhost_16576"
		Release.AspNetCompiler.PhysicalPath = "G:\Dropbox\Ort\Web\p4\lab\"
		Release.AspNetCompiler.TargetPath = "PrecompiledWeb\localhost_16576\"
		Release.AspNetCompiler.Updateable = "true"
		Release.AspNetCompiler.ForceOverwrite = "true"
		Release.AspNetCompiler.FixedNames = "false"
		Release.AspNetCompiler.Debug = "False"
		VWDPort = "16576"
	EndProjectSection
EndProject
Global
	GlobalSection(SolutionConfigurationPlatforms) = preSolution
		Debug|Any CPU = Debug|Any CPU
	EndGlobalSection
	GlobalSection(ProjectConfigurationPlatforms) = postSolution
		{8C174107-FF3C-47AE-99D7-6B33D1177B61}.Debug|Any CPU.ActiveCfg = Debug|Any CPU
		{8C174107-FF3C-47AE-99D7-6B33D1177B61}.Debug|Any CPU.Build.0 = Debug|Any CPU
	EndGlobalSection
	GlobalSection(SolutionProperties) = preSolution
		HideSolutionNode = FALSE
	EndGlobalSection
	GlobalSection(ExtensibilityGlobals) = postSolution
		SolutionGuid = {1F8C811E-EC38-4D1E-AC62-C38925955AB6}
	EndGlobalSection
EndGlobal
